# auto-generated by grc.converter

id: dsmx_Despreader
label: Despreader
category: '[dsmx]'

inputs:
-   domain: message
    id: Msg
    optional: true

outputs:
-   domain: message
    id: pdus
    optional: true

templates:
    imports: import gnuradio.dsmx as dsmx
    make: dsmx.Despreader()

file_format: 1
